
Microsoft Visual Studio Solution File, Format Version 12.00
# Visual Studio Version 17
VisualStudioVersion = 17.0.31903.59
MinimumVisualStudioVersion = 10.0.40219.1
Project("{2150E333-8FDC-42A3-9474-1A3956D46DE8}") = "src", "src", "{827E0CD3-B72D-47B6-A68D-7590B98EB39B}"
EndProject
Project("{FAE04EC0-301F-11D3-BF4B-00C04F79EFBC}") = "WorkoutTracker.API", "src\WorkoutTracker.API\WorkoutTracker.API.csproj", "{CD6DC281-F027-4608-9C70-70E8B085EDE1}"
EndProject
Project("{FAE04EC0-301F-11D3-BF4B-00C04F79EFBC}") = "WorkoutTracker.Core", "src\WorkoutTracker.Core\WorkoutTracker.Core.csproj", "{7A73F9B8-7166-4162-8B62-37E781A9603E}"
EndProject
Project("{FAE04EC0-301F-11D3-BF4B-00C04F79EFBC}") = "WorkoutTracker.Infrastructure", "src\WorkoutTracker.Infrastructure\WorkoutTracker.Infrastructure.csproj", "{F05D34EA-2EA8-49DA-A6DC-0B75094AD6EE}"
EndProject
Global
	GlobalSection(SolutionConfigurationPlatforms) = preSolution
		Debug|Any CPU = Debug|Any CPU
		Debug|x64 = Debug|x64
		Debug|x86 = Debug|x86
		Release|Any CPU = Release|Any CPU
		Release|x64 = Release|x64
		Release|x86 = Release|x86
	EndGlobalSection
	GlobalSection(ProjectConfigurationPlatforms) = postSolution
		{CD6DC281-F027-4608-9C70-70E8B085EDE1}.Debug|Any CPU.ActiveCfg = Debug|Any CPU
		{CD6DC281-F027-4608-9C70-70E8B085EDE1}.Debug|Any CPU.Build.0 = Debug|Any CPU
		{CD6DC281-F027-4608-9C70-70E8B085EDE1}.Debug|x64.ActiveCfg = Debug|Any CPU
		{CD6DC281-F027-4608-9C70-70E8B085EDE1}.Debug|x64.Build.0 = Debug|Any CPU
		{CD6DC281-F027-4608-9C70-70E8B085EDE1}.Debug|x86.ActiveCfg = Debug|Any CPU
		{CD6DC281-F027-4608-9C70-70E8B085EDE1}.Debug|x86.Build.0 = Debug|Any CPU
		{CD6DC281-F027-4608-9C70-70E8B085EDE1}.Release|Any CPU.ActiveCfg = Release|Any CPU
		{CD6DC281-F027-4608-9C70-70E8B085EDE1}.Release|Any CPU.Build.0 = Release|Any CPU
		{CD6DC281-F027-4608-9C70-70E8B085EDE1}.Release|x64.ActiveCfg = Release|Any CPU
		{CD6DC281-F027-4608-9C70-70E8B085EDE1}.Release|x64.Build.0 = Release|Any CPU
		{CD6DC281-F027-4608-9C70-70E8B085EDE1}.Release|x86.ActiveCfg = Release|Any CPU
		{CD6DC281-F027-4608-9C70-70E8B085EDE1}.Release|x86.Build.0 = Release|Any CPU
		{7A73F9B8-7166-4162-8B62-37E781A9603E}.Debug|Any CPU.ActiveCfg = Debug|Any CPU
		{7A73F9B8-7166-4162-8B62-37E781A9603E}.Debug|Any CPU.Build.0 = Debug|Any CPU
		{7A73F9B8-7166-4162-8B62-37E781A9603E}.Debug|x64.ActiveCfg = Debug|Any CPU
		{7A73F9B8-7166-4162-8B62-37E781A9603E}.Debug|x64.Build.0 = Debug|Any CPU
		{7A73F9B8-7166-4162-8B62-37E781A9603E}.Debug|x86.ActiveCfg = Debug|Any CPU
		{7A73F9B8-7166-4162-8B62-37E781A9603E}.Debug|x86.Build.0 = Debug|Any CPU
		{7A73F9B8-7166-4162-8B62-37E781A9603E}.Release|Any CPU.ActiveCfg = Release|Any CPU
		{7A73F9B8-7166-4162-8B62-37E781A9603E}.Release|Any CPU.Build.0 = Release|Any CPU
		{7A73F9B8-7166-4162-8B62-37E781A9603E}.Release|x64.ActiveCfg = Release|Any CPU
		{7A73F9B8-7166-4162-8B62-37E781A9603E}.Release|x64.Build.0 = Release|Any CPU
		{7A73F9B8-7166-4162-8B62-37E781A9603E}.Release|x86.ActiveCfg = Release|Any CPU
		{7A73F9B8-7166-4162-8B62-37E781A9603E}.Release|x86.Build.0 = Release|Any CPU
		{F05D34EA-2EA8-49DA-A6DC-0B75094AD6EE}.Debug|Any CPU.ActiveCfg = Debug|Any CPU
		{F05D34EA-2EA8-49DA-A6DC-0B75094AD6EE}.Debug|Any CPU.Build.0 = Debug|Any CPU
		{F05D34EA-2EA8-49DA-A6DC-0B75094AD6EE}.Debug|x64.ActiveCfg = Debug|Any CPU
		{F05D34EA-2EA8-49DA-A6DC-0B75094AD6EE}.Debug|x64.Build.0 = Debug|Any CPU
		{F05D34EA-2EA8-49DA-A6DC-0B75094AD6EE}.Debug|x86.ActiveCfg = Debug|Any CPU
		{F05D34EA-2EA8-49DA-A6DC-0B75094AD6EE}.Debug|x86.Build.0 = Debug|Any CPU
		{F05D34EA-2EA8-49DA-A6DC-0B75094AD6EE}.Release|Any CPU.ActiveCfg = Release|Any CPU
		{F05D34EA-2EA8-49DA-A6DC-0B75094AD6EE}.Release|Any CPU.Build.0 = Release|Any CPU
		{F05D34EA-2EA8-49DA-A6DC-0B75094AD6EE}.Release|x64.ActiveCfg = Release|Any CPU
		{F05D34EA-2EA8-49DA-A6DC-0B75094AD6EE}.Release|x64.Build.0 = Release|Any CPU
		{F05D34EA-2EA8-49DA-A6DC-0B75094AD6EE}.Release|x86.ActiveCfg = Release|Any CPU
		{F05D34EA-2EA8-49DA-A6DC-0B75094AD6EE}.Release|x86.Build.0 = Release|Any CPU
	EndGlobalSection
	GlobalSection(SolutionProperties) = preSolution
		HideSolutionNode = FALSE
	EndGlobalSection
	GlobalSection(NestedProjects) = preSolution
		{CD6DC281-F027-4608-9C70-70E8B085EDE1} = {827E0CD3-B72D-47B6-A68D-7590B98EB39B}
		{7A73F9B8-7166-4162-8B62-37E781A9603E} = {827E0CD3-B72D-47B6-A68D-7590B98EB39B}
		{F05D34EA-2EA8-49DA-A6DC-0B75094AD6EE} = {827E0CD3-B72D-47B6-A68D-7590B98EB39B}
	EndGlobalSection
	GlobalSection(ExtensibilityGlobals) = postSolution
		SolutionGuid = {EA7AB30F-6D44-400C-BB6D-58948F24E42F}
	EndGlobalSection
EndGlobal
